{
  "lockfileVersion": 1,
  "configVersion": 1,
  "workspaces": {
    "": {
      "name": "@gurgur-experiment/physics-runtime",
      "dependencies": {
        "box3d.js": "0.0.2",
        "playwright-core": "1.61.1",
      },
    },
  },
  "packages": {
    "box3d.js": ["box3d.js@0.0.2", "", {}, "sha512-ziC6IqMbMAYns1aJ7E1czhBEE2Kj+/QK9L16vMXOz7UaXKUj9gX7Za5ut+Dg3euHK6I/1brFSHOpmOwCI6FhYQ=="],

    "playwright-core": ["playwright-core@1.61.1", "", { "bin": { "playwright-core": "cli.js" } }, "sha512-h7Qlt6m4REp25qvIdvbDtVmD4LqVXfpRxhORv9L0jzETM05p4fuPJ3dKyuSXQxDSbXnmS79HAgi9589lGSpLkg=="],
  }
}
